{
  "version": "5",
  "redirects": {
    "https://esm.sh/@supabase/supabase-js@2": "https://esm.sh/@supabase/supabase-js@2.105.4"
  },
  "remote": {
    "https://esm.sh/@supabase/supabase-js@2.105.4": "92cda3ff3af2e241766bc1d53b87167b4d6376d43a0e2f31ddcd6d41a58d09f9"
  },
  "workspace": {
    "packageJson": {
      "dependencies": [
        "npm:@supabase/supabase-js@^2.49.4",
        "npm:@testing-library/jest-dom@^6.6.3",
        "npm:@testing-library/react@^16.1.0",
        "npm:@types/react-dom@^18.3.1",
        "npm:@types/react@^18.3.12",
        "npm:@vitejs/plugin-react@^4.3.4",
        "npm:jsdom@^25.0.1",
        "npm:lucide-react@0.468",
        "npm:react-dom@^18.3.1",
        "npm:react@^18.3.1",
        "npm:typescript@^5.6.3",
        "npm:vite@^6.0.3",
        "npm:vitest@^4.1.5"
      ]
    }
  }
}
